
Microsoft Visual Studio Solution File, Format Version 12.00
# Visual Studio Version 17
VisualStudioVersion = 17.3.32901.215
MinimumVisualStudioVersion = 10.0.40219.1
Project("{9A19103F-16F7-4668-BE54-9A1E7A4F7556}") = "SpaceReplace", "SpaceReplace\SpaceReplace.csproj", "{A65C375F-1EA5-4E6A-8F22-12BCE9F919EC}"
EndProject
Project("{9A19103F-16F7-4668-BE54-9A1E7A4F7556}") = "SymbolReplace", "SymbolReplace\SymbolReplace.csproj", "{9ECAE269-0CDC-4921-89F9-2A7105114AAE}"
EndProject
Project("{9A19103F-16F7-4668-BE54-9A1E7A4F7556}") = "DocFormatter", "DocFormatter\DocFormatter.csproj", "{6BB1778B-64FE-4294-B499-17C716738133}"
EndProject
Global
	GlobalSection(SolutionConfigurationPlatforms) = preSolution
		Debug|Any CPU = Debug|Any CPU
		Release|Any CPU = Release|Any CPU
	EndGlobalSection
	GlobalSection(ProjectConfigurationPlatforms) = postSolution
		{A65C375F-1EA5-4E6A-8F22-12BCE9F919EC}.Debug|Any CPU.ActiveCfg = Debug|Any CPU
		{A65C375F-1EA5-4E6A-8F22-12BCE9F919EC}.Debug|Any CPU.Build.0 = Debug|Any CPU
		{A65C375F-1EA5-4E6A-8F22-12BCE9F919EC}.Release|Any CPU.ActiveCfg = Release|Any CPU
		{A65C375F-1EA5-4E6A-8F22-12BCE9F919EC}.Release|Any CPU.Build.0 = Release|Any CPU
		{9ECAE269-0CDC-4921-89F9-2A7105114AAE}.Debug|Any CPU.ActiveCfg = Debug|Any CPU
		{9ECAE269-0CDC-4921-89F9-2A7105114AAE}.Debug|Any CPU.Build.0 = Debug|Any CPU
		{9ECAE269-0CDC-4921-89F9-2A7105114AAE}.Release|Any CPU.ActiveCfg = Release|Any CPU
		{9ECAE269-0CDC-4921-89F9-2A7105114AAE}.Release|Any CPU.Build.0 = Release|Any CPU
		{6BB1778B-64FE-4294-B499-17C716738133}.Debug|Any CPU.ActiveCfg = Debug|Any CPU
		{6BB1778B-64FE-4294-B499-17C716738133}.Debug|Any CPU.Build.0 = Debug|Any CPU
		{6BB1778B-64FE-4294-B499-17C716738133}.Release|Any CPU.ActiveCfg = Release|Any CPU
		{6BB1778B-64FE-4294-B499-17C716738133}.Release|Any CPU.Build.0 = Release|Any CPU
	EndGlobalSection
	GlobalSection(SolutionProperties) = preSolution
		HideSolutionNode = FALSE
	EndGlobalSection
	GlobalSection(ExtensibilityGlobals) = postSolution
		SolutionGuid = {BEAACC6B-2E09-49AF-BD7A-E5E1CB786147}
	EndGlobalSection
EndGlobal
